
Microsoft Visual Studio Solution File, Format Version 12.00
# Visual Studio Version 16
VisualStudioVersion = 16.0.32126.315
MinimumVisualStudioVersion = 10.0.40219.1
Project("{2150E333-8FDC-42A3-9474-1A3956D46DE8}") = "ShopManageMent", "ShopManageMent", "{B84844D6-2806-4B65-BF1E-4F3F809F6D75}"
EndProject
Project("{2150E333-8FDC-42A3-9474-1A3956D46DE8}") = "SM.Domain", "SM.Domain", "{2271F4EC-775F-4F96-9130-F3E6BA27C7A8}"
EndProject
Project("{9A19103F-16F7-4668-BE54-9A1E7A4F7556}") = "ShopManagement.Domain", "ShopManagement.Domain\ShopManagement.Domain.csproj", "{1E99BD4D-237B-41C9-AEC4-393F6EA42C9E}"
EndProject
Project("{9A19103F-16F7-4668-BE54-9A1E7A4F7556}") = "0_Framework", "0_Framework\0_Framework.csproj", "{E287248B-E847-4919-9C71-E7E755ED84F8}"
EndProject
Project("{2150E333-8FDC-42A3-9474-1A3956D46DE8}") = "SM.Application", "SM.Application", "{AD982E6C-8E1F-4F41-9F50-547327CBA24A}"
EndProject
Project("{9A19103F-16F7-4668-BE54-9A1E7A4F7556}") = "ShopManagement.Application.Contracts", "ShopManagement.Application.Contracts\ShopManagement.Application.Contracts.csproj", "{F322C428-6A22-4C1A-AB05-09B6EAB9B5D8}"
EndProject
Project("{9A19103F-16F7-4668-BE54-9A1E7A4F7556}") = "ShopManagement.Application", "ShopManagement.Application\ShopManagement.Application.csproj", "{F64955FD-F69B-4D8B-8FFC-2DEC82108291}"
EndProject
Project("{2150E333-8FDC-42A3-9474-1A3956D46DE8}") = "SM.Infrastructure", "SM.Infrastructure", "{69036F12-A7BA-4E84-AF01-639964A696D4}"
EndProject
Project("{9A19103F-16F7-4668-BE54-9A1E7A4F7556}") = "ShopManagement.Infrastructure.EFCore", "ShopManagement.Infrastructure.EFCore\ShopManagement.Infrastructure.EFCore.csproj", "{AAC447CA-2DFF-4271-9B9B-1B4C67A70D66}"
EndProject
Project("{9A19103F-16F7-4668-BE54-9A1E7A4F7556}") = "ShopManagement.Configuration", "ShopManagement.Configuration\ShopManagement.Configuration.csproj", "{1655C4D6-C827-4D04-9135-7C972C018682}"
EndProject
Project("{9A19103F-16F7-4668-BE54-9A1E7A4F7556}") = "ServiceHost", "ServiceHost\ServiceHost.csproj", "{AFE8CCE0-022D-4F48-9E15-1D7A064B0393}"
EndProject
Project("{9A19103F-16F7-4668-BE54-9A1E7A4F7556}") = "01_LampshadeQuery", "01_LampshadeQuery\01_LampshadeQuery.csproj", "{CC63EB14-6A27-4BB6-B1D4-940DA1FB8152}"
EndProject
Project("{2150E333-8FDC-42A3-9474-1A3956D46DE8}") = "DiscountManagement", "DiscountManagement", "{C4C8FE54-743D-478E-A592-AB810A4563A1}"
EndProject
Project("{2150E333-8FDC-42A3-9474-1A3956D46DE8}") = "DM.Domain", "DM.Domain", "{AE348D34-42BB-4AF4-B7A0-B153E2F27E34}"
EndProject
Project("{9A19103F-16F7-4668-BE54-9A1E7A4F7556}") = "DiscountManagement.Domain", "DiscountManagement.Domain\DiscountManagement.Domain.csproj", "{AF2C7129-C29F-4A00-AEF0-2DA416249B67}"
EndProject
Project("{2150E333-8FDC-42A3-9474-1A3956D46DE8}") = "DM.Application", "DM.Application", "{F504B3B3-13CC-4A9A-AB06-20E20559B967}"
EndProject
Project("{9A19103F-16F7-4668-BE54-9A1E7A4F7556}") = "DiscountManagement.Application.Contracts", "DiscountManagement.Application.Contracts\DiscountManagement.Application.Contracts.csproj", "{7EA278E2-D8CD-4066-9696-D854651A341F}"
EndProject
Project("{9A19103F-16F7-4668-BE54-9A1E7A4F7556}") = "DiscountManagement.Application", "DiscountManagement.Application\DiscountManagement.Application.csproj", "{24E417B0-2AA6-43F2-995C-BF850156C089}"
EndProject
Project("{2150E333-8FDC-42A3-9474-1A3956D46DE8}") = "DM.Infrastructure", "DM.Infrastructure", "{E2809B95-A9E6-4265-A7C4-ED5781DA154E}"
EndProject
Project("{9A19103F-16F7-4668-BE54-9A1E7A4F7556}") = "DiscountManagement.Infrastructure.EFCore", "DiscountManagement.Infrastructure.EFCore\DiscountManagement.Infrastructure.EFCore.csproj", "{3F68665A-3616-45A7-BB1E-2654B8B24272}"
EndProject
Project("{9A19103F-16F7-4668-BE54-9A1E7A4F7556}") = "DiscountManagement.Configuration", "DiscountManagement.Configuration\DiscountManagement.Configuration.csproj", "{D7E700E3-F928-46EA-9D73-0B47098A4411}"
EndProject
Project("{2150E333-8FDC-42A3-9474-1A3956D46DE8}") = "InventoryManagement", "InventoryManagement", "{51F62998-722A-40A7-BDD2-0B1D6FB29F02}"
EndProject
Project("{2150E333-8FDC-42A3-9474-1A3956D46DE8}") = "IM.Domain", "IM.Domain", "{13319B65-C7C6-4FB4-B1E4-8A065BF54E0A}"
EndProject
Project("{2150E333-8FDC-42A3-9474-1A3956D46DE8}") = "IM.Application", "IM.Application", "{B1F3C0A0-8537-46EB-8114-4DAB73DF8048}"
EndProject
Project("{2150E333-8FDC-42A3-9474-1A3956D46DE8}") = "IM.Infrastructure", "IM.Infrastructure", "{9AE65F95-4B3A-4367-808E-33F1A470C354}"
EndProject
Project("{9A19103F-16F7-4668-BE54-9A1E7A4F7556}") = "InventoryManagement.Domain", "InventoryManagement.Domain\InventoryManagement.Domain.csproj", "{E63EBABE-CC78-498B-98AB-2C801DD22598}"
EndProject
Project("{9A19103F-16F7-4668-BE54-9A1E7A4F7556}") = "InventoryManagement.Application.Contracts", "InventoryManagement.Application.Contracts\InventoryManagement.Application.Contracts.csproj", "{F5B14EEF-CB52-4E65-BC28-4D2618E7DCC8}"
EndProject
Project("{9A19103F-16F7-4668-BE54-9A1E7A4F7556}") = "InventoryManagement.Infrastructure.EFCore", "InventoryManagement.Infrastructure.EFCore\InventoryManagement.Infrastructure.EFCore.csproj", "{6CEFEF45-6F89-4C07-95B6-32EA3087B6B9}"
EndProject
Project("{9A19103F-16F7-4668-BE54-9A1E7A4F7556}") = "InventoryManagement.Infrastructure.Configuration", "InventoryManagement.Infrastructure.Configuration\InventoryManagement.Infrastructure.Configuration.csproj", "{F45A570B-5BA0-484A-A88A-C23DA72A25DD}"
EndProject
Project("{9A19103F-16F7-4668-BE54-9A1E7A4F7556}") = "InventoryManagement.Application", "InventoryManagement.Application\InventoryManagement.Application.csproj", "{CFB7BD40-0037-48BB-939E-1DA2B5A4B1CB}"
EndProject
Project("{2150E333-8FDC-42A3-9474-1A3956D46DE8}") = "BlogManagement", "BlogManagement", "{ECD24840-B546-4F51-A5BF-3B914C32A25E}"
EndProject
Project("{2150E333-8FDC-42A3-9474-1A3956D46DE8}") = "BM.Domain", "BM.Domain", "{DCA6440D-0F9E-4EEB-9FEB-112B0040C2AA}"
EndProject
Project("{2150E333-8FDC-42A3-9474-1A3956D46DE8}") = "BM.Applcation", "BM.Applcation", "{CCB8B20A-C8BC-4EF9-B4C3-69F8427AE981}"
EndProject
Project("{2150E333-8FDC-42A3-9474-1A3956D46DE8}") = "BM.Infrastructure", "BM.Infrastructure", "{8F35E04B-C3CA-492A-9E5D-24B207040BA8}"
EndProject
Project("{FAE04EC0-301F-11D3-BF4B-00C04F79EFBC}") = "BlogManagement.Application.Contracts", "BlogManagement.Application.Contracts\BlogManagement.Application.Contracts.csproj", "{8C9D96B4-F438-4D9C-9A46-46AADC272B16}"
EndProject
Project("{FAE04EC0-301F-11D3-BF4B-00C04F79EFBC}") = "BlogManagement.Application", "BlogManagement.Application\BlogManagement.Application.csproj", "{8152CDB9-778C-4C0C-8E06-AF1353B756E0}"
EndProject
Project("{FAE04EC0-301F-11D3-BF4B-00C04F79EFBC}") = "BlogManagement.Domain", "BlogManagement.Domain\BlogManagement.Domain.csproj", "{B7C31C20-58EA-43BA-8530-2259544281BC}"
EndProject
Project("{FAE04EC0-301F-11D3-BF4B-00C04F79EFBC}") = "BlogManagement.Infrastructure.Configuration", "BlogManagement.Infrastructure.Configuration\BlogManagement.Infrastructure.Configuration.csproj", "{CEB540D6-80BD-45B7-B1E8-7198528FEAA6}"
EndProject
Project("{FAE04EC0-301F-11D3-BF4B-00C04F79EFBC}") = "BlogManagement.Infrastructure.EFCore", "BlogManagement.Infrastructure.EFCore\BlogManagement.Infrastructure.EFCore.csproj", "{B0E0E908-DB12-4BD7-958B-CB208830FEB1}"
EndProject
Project("{2150E333-8FDC-42A3-9474-1A3956D46DE8}") = "CommentManagement", "CommentManagement", "{5F9D1988-6B20-457A-A287-E8B3BCB6A38E}"
EndProject
Project("{2150E333-8FDC-42A3-9474-1A3956D46DE8}") = "CM.Application", "CM.Application", "{B9F4CA87-7F07-4031-9236-5ACEBDEB2BE7}"
EndProject
Project("{2150E333-8FDC-42A3-9474-1A3956D46DE8}") = "CM.Domain", "CM.Domain", "{0BDB8D3E-EB5F-4E0D-99DE-3BE19D206E56}"
EndProject
Project("{2150E333-8FDC-42A3-9474-1A3956D46DE8}") = "CM.Infrastructure", "CM.Infrastructure", "{0123F085-26F7-448B-AB4C-553773721035}"
EndProject
Project("{FAE04EC0-301F-11D3-BF4B-00C04F79EFBC}") = "CommentManagement.Application.Contracts", "CommentManagement.Application.Contracts\CommentManagement.Application.Contracts.csproj", "{85B93F91-CEFB-45EE-AF01-9A6809BDE62D}"
EndProject
Project("{FAE04EC0-301F-11D3-BF4B-00C04F79EFBC}") = "CommentManagement.Application", "CommentManagement.Application\CommentManagement.Application.csproj", "{BDB6449D-DC90-4D16-8291-9BC497676074}"
EndProject
Project("{FAE04EC0-301F-11D3-BF4B-00C04F79EFBC}") = "CommentManagement.Domain", "CommentManagement.Domain\CommentManagement.Domain.csproj", "{437E7BD8-4C1A-43E9-A1E2-AA0442A5957A}"
EndProject
Project("{FAE04EC0-301F-11D3-BF4B-00C04F79EFBC}") = "CommentManagement.Infrastructure.Configuration", "CommentManagement.Infrastructure.Configuration\CommentManagement.Infrastructure.Configuration.csproj", "{EF2D043A-9DFE-4DFB-A38F-2AD98B7E16B0}"
EndProject
Project("{FAE04EC0-301F-11D3-BF4B-00C04F79EFBC}") = "CommnetManagement.Infrastructure.EFCore", "CommnetManagement.Infrastructure.EFCore\CommnetManagement.Infrastructure.EFCore.csproj", "{D794DB95-A2BE-4748-B678-4181AE10B38D}"
EndProject
Global
	GlobalSection(SolutionConfigurationPlatforms) = preSolution
		Debug|Any CPU = Debug|Any CPU
		Release|Any CPU = Release|Any CPU
	EndGlobalSection
	GlobalSection(ProjectConfigurationPlatforms) = postSolution
		{1E99BD4D-237B-41C9-AEC4-393F6EA42C9E}.Debug|Any CPU.ActiveCfg = Debug|Any CPU
		{1E99BD4D-237B-41C9-AEC4-393F6EA42C9E}.Debug|Any CPU.Build.0 = Debug|Any CPU
		{1E99BD4D-237B-41C9-AEC4-393F6EA42C9E}.Release|Any CPU.ActiveCfg = Release|Any CPU
		{1E99BD4D-237B-41C9-AEC4-393F6EA42C9E}.Release|Any CPU.Build.0 = Release|Any CPU
		{E287248B-E847-4919-9C71-E7E755ED84F8}.Debug|Any CPU.ActiveCfg = Debug|Any CPU
		{E287248B-E847-4919-9C71-E7E755ED84F8}.Debug|Any CPU.Build.0 = Debug|Any CPU
		{E287248B-E847-4919-9C71-E7E755ED84F8}.Release|Any CPU.ActiveCfg = Release|Any CPU
		{E287248B-E847-4919-9C71-E7E755ED84F8}.Release|Any CPU.Build.0 = Release|Any CPU
		{F322C428-6A22-4C1A-AB05-09B6EAB9B5D8}.Debug|Any CPU.ActiveCfg = Debug|Any CPU
		{F322C428-6A22-4C1A-AB05-09B6EAB9B5D8}.Debug|Any CPU.Build.0 = Debug|Any CPU
		{F322C428-6A22-4C1A-AB05-09B6EAB9B5D8}.Release|Any CPU.ActiveCfg = Release|Any CPU
		{F322C428-6A22-4C1A-AB05-09B6EAB9B5D8}.Release|Any CPU.Build.0 = Release|Any CPU
		{F64955FD-F69B-4D8B-8FFC-2DEC82108291}.Debug|Any CPU.ActiveCfg = Debug|Any CPU
		{F64955FD-F69B-4D8B-8FFC-2DEC82108291}.Debug|Any CPU.Build.0 = Debug|Any CPU
		{F64955FD-F69B-4D8B-8FFC-2DEC82108291}.Release|Any CPU.ActiveCfg = Release|Any CPU
		{F64955FD-F69B-4D8B-8FFC-2DEC82108291}.Release|Any CPU.Build.0 = Release|Any CPU
		{AAC447CA-2DFF-4271-9B9B-1B4C67A70D66}.Debug|Any CPU.ActiveCfg = Debug|Any CPU
		{AAC447CA-2DFF-4271-9B9B-1B4C67A70D66}.Debug|Any CPU.Build.0 = Debug|Any CPU
		{AAC447CA-2DFF-4271-9B9B-1B4C67A70D66}.Release|Any CPU.ActiveCfg = Release|Any CPU
		{AAC447CA-2DFF-4271-9B9B-1B4C67A70D66}.Release|Any CPU.Build.0 = Release|Any CPU
		{1655C4D6-C827-4D04-9135-7C972C018682}.Debug|Any CPU.ActiveCfg = Debug|Any CPU
		{1655C4D6-C827-4D04-9135-7C972C018682}.Debug|Any CPU.Build.0 = Debug|Any CPU
		{1655C4D6-C827-4D04-9135-7C972C018682}.Release|Any CPU.ActiveCfg = Release|Any CPU
		{1655C4D6-C827-4D04-9135-7C972C018682}.Release|Any CPU.Build.0 = Release|Any CPU
		{AFE8CCE0-022D-4F48-9E15-1D7A064B0393}.Debug|Any CPU.ActiveCfg = Debug|Any CPU
		{AFE8CCE0-022D-4F48-9E15-1D7A064B0393}.Debug|Any CPU.Build.0 = Debug|Any CPU
		{AFE8CCE0-022D-4F48-9E15-1D7A064B0393}.Release|Any CPU.ActiveCfg = Release|Any CPU
		{AFE8CCE0-022D-4F48-9E15-1D7A064B0393}.Release|Any CPU.Build.0 = Release|Any CPU
		{CC63EB14-6A27-4BB6-B1D4-940DA1FB8152}.Debug|Any CPU.ActiveCfg = Debug|Any CPU
		{CC63EB14-6A27-4BB6-B1D4-940DA1FB8152}.Debug|Any CPU.Build.0 = Debug|Any CPU
		{CC63EB14-6A27-4BB6-B1D4-940DA1FB8152}.Release|Any CPU.ActiveCfg = Release|Any CPU
		{CC63EB14-6A27-4BB6-B1D4-940DA1FB8152}.Release|Any CPU.Build.0 = Release|Any CPU
		{AF2C7129-C29F-4A00-AEF0-2DA416249B67}.Debug|Any CPU.ActiveCfg = Debug|Any CPU
		{AF2C7129-C29F-4A00-AEF0-2DA416249B67}.Debug|Any CPU.Build.0 = Debug|Any CPU
		{AF2C7129-C29F-4A00-AEF0-2DA416249B67}.Release|Any CPU.ActiveCfg = Release|Any CPU
		{AF2C7129-C29F-4A00-AEF0-2DA416249B67}.Release|Any CPU.Build.0 = Release|Any CPU
		{7EA278E2-D8CD-4066-9696-D854651A341F}.Debug|Any CPU.ActiveCfg = Debug|Any CPU
		{7EA278E2-D8CD-4066-9696-D854651A341F}.Debug|Any CPU.Build.0 = Debug|Any CPU
		{7EA278E2-D8CD-4066-9696-D854651A341F}.Release|Any CPU.ActiveCfg = Release|Any CPU
		{7EA278E2-D8CD-4066-9696-D854651A341F}.Release|Any CPU.Build.0 = Release|Any CPU
		{24E417B0-2AA6-43F2-995C-BF850156C089}.Debug|Any CPU.ActiveCfg = Debug|Any CPU
		{24E417B0-2AA6-43F2-995C-BF850156C089}.Debug|Any CPU.Build.0 = Debug|Any CPU
		{24E417B0-2AA6-43F2-995C-BF850156C089}.Release|Any CPU.ActiveCfg = Release|Any CPU
		{24E417B0-2AA6-43F2-995C-BF850156C089}.Release|Any CPU.Build.0 = Release|Any CPU
		{3F68665A-3616-45A7-BB1E-2654B8B24272}.Debug|Any CPU.ActiveCfg = Debug|Any CPU
		{3F68665A-3616-45A7-BB1E-2654B8B24272}.Debug|Any CPU.Build.0 = Debug|Any CPU
		{3F68665A-3616-45A7-BB1E-2654B8B24272}.Release|Any CPU.ActiveCfg = Release|Any CPU
		{3F68665A-3616-45A7-BB1E-2654B8B24272}.Release|Any CPU.Build.0 = Release|Any CPU
		{D7E700E3-F928-46EA-9D73-0B47098A4411}.Debug|Any CPU.ActiveCfg = Debug|Any CPU
		{D7E700E3-F928-46EA-9D73-0B47098A4411}.Debug|Any CPU.Build.0 = Debug|Any CPU
		{D7E700E3-F928-46EA-9D73-0B47098A4411}.Release|Any CPU.ActiveCfg = Release|Any CPU
		{D7E700E3-F928-46EA-9D73-0B47098A4411}.Release|Any CPU.Build.0 = Release|Any CPU
		{E63EBABE-CC78-498B-98AB-2C801DD22598}.Debug|Any CPU.ActiveCfg = Debug|Any CPU
		{E63EBABE-CC78-498B-98AB-2C801DD22598}.Debug|Any CPU.Build.0 = Debug|Any CPU
		{E63EBABE-CC78-498B-98AB-2C801DD22598}.Release|Any CPU.ActiveCfg = Release|Any CPU
		{E63EBABE-CC78-498B-98AB-2C801DD22598}.Release|Any CPU.Build.0 = Release|Any CPU
		{F5B14EEF-CB52-4E65-BC28-4D2618E7DCC8}.Debug|Any CPU.ActiveCfg = Debug|Any CPU
		{F5B14EEF-CB52-4E65-BC28-4D2618E7DCC8}.Debug|Any CPU.Build.0 = Debug|Any CPU
		{F5B14EEF-CB52-4E65-BC28-4D2618E7DCC8}.Release|Any CPU.ActiveCfg = Release|Any CPU
		{F5B14EEF-CB52-4E65-BC28-4D2618E7DCC8}.Release|Any CPU.Build.0 = Release|Any CPU
		{6CEFEF45-6F89-4C07-95B6-32EA3087B6B9}.Debug|Any CPU.ActiveCfg = Debug|Any CPU
		{6CEFEF45-6F89-4C07-95B6-32EA3087B6B9}.Debug|Any CPU.Build.0 = Debug|Any CPU
		{6CEFEF45-6F89-4C07-95B6-32EA3087B6B9}.Release|Any CPU.ActiveCfg = Release|Any CPU
		{6CEFEF45-6F89-4C07-95B6-32EA3087B6B9}.Release|Any CPU.Build.0 = Release|Any CPU
		{F45A570B-5BA0-484A-A88A-C23DA72A25DD}.Debug|Any CPU.ActiveCfg = Debug|Any CPU
		{F45A570B-5BA0-484A-A88A-C23DA72A25DD}.Debug|Any CPU.Build.0 = Debug|Any CPU
		{F45A570B-5BA0-484A-A88A-C23DA72A25DD}.Release|Any CPU.ActiveCfg = Release|Any CPU
		{F45A570B-5BA0-484A-A88A-C23DA72A25DD}.Release|Any CPU.Build.0 = Release|Any CPU
		{CFB7BD40-0037-48BB-939E-1DA2B5A4B1CB}.Debug|Any CPU.ActiveCfg = Debug|Any CPU
		{CFB7BD40-0037-48BB-939E-1DA2B5A4B1CB}.Debug|Any CPU.Build.0 = Debug|Any CPU
		{CFB7BD40-0037-48BB-939E-1DA2B5A4B1CB}.Release|Any CPU.ActiveCfg = Release|Any CPU
		{CFB7BD40-0037-48BB-939E-1DA2B5A4B1CB}.Release|Any CPU.Build.0 = Release|Any CPU
		{8C9D96B4-F438-4D9C-9A46-46AADC272B16}.Debug|Any CPU.ActiveCfg = Debug|Any CPU
		{8C9D96B4-F438-4D9C-9A46-46AADC272B16}.Debug|Any CPU.Build.0 = Debug|Any CPU
		{8C9D96B4-F438-4D9C-9A46-46AADC272B16}.Release|Any CPU.ActiveCfg = Release|Any CPU
		{8C9D96B4-F438-4D9C-9A46-46AADC272B16}.Release|Any CPU.Build.0 = Release|Any CPU
		{8152CDB9-778C-4C0C-8E06-AF1353B756E0}.Debug|Any CPU.ActiveCfg = Debug|Any CPU
		{8152CDB9-778C-4C0C-8E06-AF1353B756E0}.Debug|Any CPU.Build.0 = Debug|Any CPU
		{8152CDB9-778C-4C0C-8E06-AF1353B756E0}.Release|Any CPU.ActiveCfg = Release|Any CPU
		{8152CDB9-778C-4C0C-8E06-AF1353B756E0}.Release|Any CPU.Build.0 = Release|Any CPU
		{B7C31C20-58EA-43BA-8530-2259544281BC}.Debug|Any CPU.ActiveCfg = Debug|Any CPU
		{B7C31C20-58EA-43BA-8530-2259544281BC}.Debug|Any CPU.Build.0 = Debug|Any CPU
		{B7C31C20-58EA-43BA-8530-2259544281BC}.Release|Any CPU.ActiveCfg = Release|Any CPU
		{B7C31C20-58EA-43BA-8530-2259544281BC}.Release|Any CPU.Build.0 = Release|Any CPU
		{CEB540D6-80BD-45B7-B1E8-7198528FEAA6}.Debug|Any CPU.ActiveCfg = Debug|Any CPU
		{CEB540D6-80BD-45B7-B1E8-7198528FEAA6}.Debug|Any CPU.Build.0 = Debug|Any CPU
		{CEB540D6-80BD-45B7-B1E8-7198528FEAA6}.Release|Any CPU.ActiveCfg = Release|Any CPU
		{CEB540D6-80BD-45B7-B1E8-7198528FEAA6}.Release|Any CPU.Build.0 = Release|Any CPU
		{B0E0E908-DB12-4BD7-958B-CB208830FEB1}.Debug|Any CPU.ActiveCfg = Debug|Any CPU
		{B0E0E908-DB12-4BD7-958B-CB208830FEB1}.Debug|Any CPU.Build.0 = Debug|Any CPU
		{B0E0E908-DB12-4BD7-958B-CB208830FEB1}.Release|Any CPU.ActiveCfg = Release|Any CPU
		{B0E0E908-DB12-4BD7-958B-CB208830FEB1}.Release|Any CPU.Build.0 = Release|Any CPU
		{85B93F91-CEFB-45EE-AF01-9A6809BDE62D}.Debug|Any CPU.ActiveCfg = Debug|Any CPU
		{85B93F91-CEFB-45EE-AF01-9A6809BDE62D}.Debug|Any CPU.Build.0 = Debug|Any CPU
		{85B93F91-CEFB-45EE-AF01-9A6809BDE62D}.Release|Any CPU.ActiveCfg = Release|Any CPU
		{85B93F91-CEFB-45EE-AF01-9A6809BDE62D}.Release|Any CPU.Build.0 = Release|Any CPU
		{BDB6449D-DC90-4D16-8291-9BC497676074}.Debug|Any CPU.ActiveCfg = Debug|Any CPU
		{BDB6449D-DC90-4D16-8291-9BC497676074}.Debug|Any CPU.Build.0 = Debug|Any CPU
		{BDB6449D-DC90-4D16-8291-9BC497676074}.Release|Any CPU.ActiveCfg = Release|Any CPU
		{BDB6449D-DC90-4D16-8291-9BC497676074}.Release|Any CPU.Build.0 = Release|Any CPU
		{437E7BD8-4C1A-43E9-A1E2-AA0442A5957A}.Debug|Any CPU.ActiveCfg = Debug|Any CPU
		{437E7BD8-4C1A-43E9-A1E2-AA0442A5957A}.Debug|Any CPU.Build.0 = Debug|Any CPU
		{437E7BD8-4C1A-43E9-A1E2-AA0442A5957A}.Release|Any CPU.ActiveCfg = Release|Any CPU
		{437E7BD8-4C1A-43E9-A1E2-AA0442A5957A}.Release|Any CPU.Build.0 = Release|Any CPU
		{EF2D043A-9DFE-4DFB-A38F-2AD98B7E16B0}.Debug|Any CPU.ActiveCfg = Debug|Any CPU
		{EF2D043A-9DFE-4DFB-A38F-2AD98B7E16B0}.Debug|Any CPU.Build.0 = Debug|Any CPU
		{EF2D043A-9DFE-4DFB-A38F-2AD98B7E16B0}.Release|Any CPU.ActiveCfg = Release|Any CPU
		{EF2D043A-9DFE-4DFB-A38F-2AD98B7E16B0}.Release|Any CPU.Build.0 = Release|Any CPU
		{D794DB95-A2BE-4748-B678-4181AE10B38D}.Debug|Any CPU.ActiveCfg = Debug|Any CPU
		{D794DB95-A2BE-4748-B678-4181AE10B38D}.Debug|Any CPU.Build.0 = Debug|Any CPU
		{D794DB95-A2BE-4748-B678-4181AE10B38D}.Release|Any CPU.ActiveCfg = Release|Any CPU
		{D794DB95-A2BE-4748-B678-4181AE10B38D}.Release|Any CPU.Build.0 = Release|Any CPU
	EndGlobalSection
	GlobalSection(SolutionProperties) = preSolution
		HideSolutionNode = FALSE
	EndGlobalSection
	GlobalSection(NestedProjects) = preSolution
		{2271F4EC-775F-4F96-9130-F3E6BA27C7A8} = {B84844D6-2806-4B65-BF1E-4F3F809F6D75}
		{1E99BD4D-237B-41C9-AEC4-393F6EA42C9E} = {2271F4EC-775F-4F96-9130-F3E6BA27C7A8}
		{AD982E6C-8E1F-4F41-9F50-547327CBA24A} = {B84844D6-2806-4B65-BF1E-4F3F809F6D75}
		{F322C428-6A22-4C1A-AB05-09B6EAB9B5D8} = {AD982E6C-8E1F-4F41-9F50-547327CBA24A}
		{F64955FD-F69B-4D8B-8FFC-2DEC82108291} = {AD982E6C-8E1F-4F41-9F50-547327CBA24A}
		{69036F12-A7BA-4E84-AF01-639964A696D4} = {B84844D6-2806-4B65-BF1E-4F3F809F6D75}
		{AAC447CA-2DFF-4271-9B9B-1B4C67A70D66} = {69036F12-A7BA-4E84-AF01-639964A696D4}
		{1655C4D6-C827-4D04-9135-7C972C018682} = {69036F12-A7BA-4E84-AF01-639964A696D4}
		{AE348D34-42BB-4AF4-B7A0-B153E2F27E34} = {C4C8FE54-743D-478E-A592-AB810A4563A1}
		{AF2C7129-C29F-4A00-AEF0-2DA416249B67} = {AE348D34-42BB-4AF4-B7A0-B153E2F27E34}
		{F504B3B3-13CC-4A9A-AB06-20E20559B967} = {C4C8FE54-743D-478E-A592-AB810A4563A1}
		{7EA278E2-D8CD-4066-9696-D854651A341F} = {F504B3B3-13CC-4A9A-AB06-20E20559B967}
		{24E417B0-2AA6-43F2-995C-BF850156C089} = {F504B3B3-13CC-4A9A-AB06-20E20559B967}
		{E2809B95-A9E6-4265-A7C4-ED5781DA154E} = {C4C8FE54-743D-478E-A592-AB810A4563A1}
		{3F68665A-3616-45A7-BB1E-2654B8B24272} = {E2809B95-A9E6-4265-A7C4-ED5781DA154E}
		{D7E700E3-F928-46EA-9D73-0B47098A4411} = {E2809B95-A9E6-4265-A7C4-ED5781DA154E}
		{13319B65-C7C6-4FB4-B1E4-8A065BF54E0A} = {51F62998-722A-40A7-BDD2-0B1D6FB29F02}
		{B1F3C0A0-8537-46EB-8114-4DAB73DF8048} = {51F62998-722A-40A7-BDD2-0B1D6FB29F02}
		{9AE65F95-4B3A-4367-808E-33F1A470C354} = {51F62998-722A-40A7-BDD2-0B1D6FB29F02}
		{E63EBABE-CC78-498B-98AB-2C801DD22598} = {13319B65-C7C6-4FB4-B1E4-8A065BF54E0A}
		{F5B14EEF-CB52-4E65-BC28-4D2618E7DCC8} = {B1F3C0A0-8537-46EB-8114-4DAB73DF8048}
		{6CEFEF45-6F89-4C07-95B6-32EA3087B6B9} = {9AE65F95-4B3A-4367-808E-33F1A470C354}
		{F45A570B-5BA0-484A-A88A-C23DA72A25DD} = {9AE65F95-4B3A-4367-808E-33F1A470C354}
		{CFB7BD40-0037-48BB-939E-1DA2B5A4B1CB} = {B1F3C0A0-8537-46EB-8114-4DAB73DF8048}
		{DCA6440D-0F9E-4EEB-9FEB-112B0040C2AA} = {ECD24840-B546-4F51-A5BF-3B914C32A25E}
		{CCB8B20A-C8BC-4EF9-B4C3-69F8427AE981} = {ECD24840-B546-4F51-A5BF-3B914C32A25E}
		{8F35E04B-C3CA-492A-9E5D-24B207040BA8} = {ECD24840-B546-4F51-A5BF-3B914C32A25E}
		{8C9D96B4-F438-4D9C-9A46-46AADC272B16} = {CCB8B20A-C8BC-4EF9-B4C3-69F8427AE981}
		{8152CDB9-778C-4C0C-8E06-AF1353B756E0} = {CCB8B20A-C8BC-4EF9-B4C3-69F8427AE981}
		{B7C31C20-58EA-43BA-8530-2259544281BC} = {DCA6440D-0F9E-4EEB-9FEB-112B0040C2AA}
		{CEB540D6-80BD-45B7-B1E8-7198528FEAA6} = {8F35E04B-C3CA-492A-9E5D-24B207040BA8}
		{B0E0E908-DB12-4BD7-958B-CB208830FEB1} = {8F35E04B-C3CA-492A-9E5D-24B207040BA8}
		{B9F4CA87-7F07-4031-9236-5ACEBDEB2BE7} = {5F9D1988-6B20-457A-A287-E8B3BCB6A38E}
		{0BDB8D3E-EB5F-4E0D-99DE-3BE19D206E56} = {5F9D1988-6B20-457A-A287-E8B3BCB6A38E}
		{0123F085-26F7-448B-AB4C-553773721035} = {5F9D1988-6B20-457A-A287-E8B3BCB6A38E}
		{85B93F91-CEFB-45EE-AF01-9A6809BDE62D} = {B9F4CA87-7F07-4031-9236-5ACEBDEB2BE7}
		{BDB6449D-DC90-4D16-8291-9BC497676074} = {B9F4CA87-7F07-4031-9236-5ACEBDEB2BE7}
		{437E7BD8-4C1A-43E9-A1E2-AA0442A5957A} = {0BDB8D3E-EB5F-4E0D-99DE-3BE19D206E56}
		{EF2D043A-9DFE-4DFB-A38F-2AD98B7E16B0} = {0123F085-26F7-448B-AB4C-553773721035}
		{D794DB95-A2BE-4748-B678-4181AE10B38D} = {0123F085-26F7-448B-AB4C-553773721035}
	EndGlobalSection
	GlobalSection(ExtensibilityGlobals) = postSolution
		SolutionGuid = {0AEDAA6A-A752-49D8-9083-D1F3720FA4F8}
	EndGlobalSection
EndGlobal
